
Microsoft Visual Studio Solution File, Format Version 12.00
# Visual Studio Version 16
VisualStudioVersion = 16.0.32002.261
MinimumVisualStudioVersion = 10.0.40219.1
Project("{FAE04EC0-301F-11D3-BF4B-00C04F79EFBC}") = "Grishkova_vkr_PortApp", "Grishkova_vkr_PortApp.csproj", "{5519F034-036F-49A5-A4FD-7B24FD819B71}"
EndProject
Global
	GlobalSection(SolutionConfigurationPlatforms) = preSolution
		Debug|Any CPU = Debug|Any CPU
		Release|Any CPU = Release|Any CPU
	EndGlobalSection
	GlobalSection(ProjectConfigurationPlatforms) = postSolution
		{5519F034-036F-49A5-A4FD-7B24FD819B71}.Debug|Any CPU.ActiveCfg = Debug|Any CPU
		{5519F034-036F-49A5-A4FD-7B24FD819B71}.Debug|Any CPU.Build.0 = Debug|Any CPU
		{5519F034-036F-49A5-A4FD-7B24FD819B71}.Release|Any CPU.ActiveCfg = Release|Any CPU
		{5519F034-036F-49A5-A4FD-7B24FD819B71}.Release|Any CPU.Build.0 = Release|Any CPU
	EndGlobalSection
	GlobalSection(SolutionProperties) = preSolution
		HideSolutionNode = FALSE
	EndGlobalSection
	GlobalSection(ExtensibilityGlobals) = postSolution
		SolutionGuid = {880E1272-2BF0-4F4B-A971-0AF4EFC67752}
	EndGlobalSection
EndGlobal
